
Microsoft Visual Studio Solution File, Format Version 12.00
# Visual Studio Version 17
VisualStudioVersion = 17.2.32630.192
MinimumVisualStudioVersion = 10.0.40219.1
Project("{2150E333-8FDC-42A3-9474-1A3956D46DE8}") = "Elementos de la solución", "Elementos de la solución", "{93D0B61C-67ED-48C6-AC4D-4A986910D1DF}"
EndProject
Project("{9A19103F-16F7-4668-BE54-9A1E7A4F7556}") = "Triggered.Form", "Triggered.Form\Triggered.Form.csproj", "{83735944-F064-42C3-94E5-6EB5C406FE6C}"
EndProject
Global
	GlobalSection(SolutionConfigurationPlatforms) = preSolution
		Debug|Any CPU = Debug|Any CPU
		Release|Any CPU = Release|Any CPU
	EndGlobalSection
	GlobalSection(ProjectConfigurationPlatforms) = postSolution
		{83735944-F064-42C3-94E5-6EB5C406FE6C}.Debug|Any CPU.ActiveCfg = Debug|Any CPU
		{83735944-F064-42C3-94E5-6EB5C406FE6C}.Debug|Any CPU.Build.0 = Debug|Any CPU
		{83735944-F064-42C3-94E5-6EB5C406FE6C}.Release|Any CPU.ActiveCfg = Release|Any CPU
		{83735944-F064-42C3-94E5-6EB5C406FE6C}.Release|Any CPU.Build.0 = Release|Any CPU
	EndGlobalSection
	GlobalSection(SolutionProperties) = preSolution
		HideSolutionNode = FALSE
	EndGlobalSection
	GlobalSection(ExtensibilityGlobals) = postSolution
		SolutionGuid = {F76EA9A8-136F-42FE-BABF-BB51CF293AC7}
	EndGlobalSection
EndGlobal
